
Microsoft Visual Studio Solution File, Format Version 12.00
# Visual Studio Version 16
VisualStudioVersion = 16.0.29215.179
MinimumVisualStudioVersion = 10.0.40219.1
Project("{FAE04EC0-301F-11D3-BF4B-00C04F79EFBC}") = "CSharpBasics", "CSharpBasics\CSharpBasics.csproj", "{A97D5743-339B-46DF-9EC7-9045F0B3461A}"
EndProject
Global
	GlobalSection(SolutionConfigurationPlatforms) = preSolution
		Debug|Any CPU = Debug|Any CPU
		Release|Any CPU = Release|Any CPU
	EndGlobalSection
	GlobalSection(ProjectConfigurationPlatforms) = postSolution
		{A97D5743-339B-46DF-9EC7-9045F0B3461A}.Debug|Any CPU.ActiveCfg = Debug|Any CPU
		{A97D5743-339B-46DF-9EC7-9045F0B3461A}.Debug|Any CPU.Build.0 = Debug|Any CPU
		{A97D5743-339B-46DF-9EC7-9045F0B3461A}.Release|Any CPU.ActiveCfg = Release|Any CPU
		{A97D5743-339B-46DF-9EC7-9045F0B3461A}.Release|Any CPU.Build.0 = Release|Any CPU
	EndGlobalSection
	GlobalSection(SolutionProperties) = preSolution
		HideSolutionNode = FALSE
	EndGlobalSection
	GlobalSection(ExtensibilityGlobals) = postSolution
		SolutionGuid = {C383B564-0E6F-496F-A228-414F275942F6}
	EndGlobalSection
EndGlobal
