
Microsoft Visual Studio Solution File, Format Version 12.00
# Visual Studio Version 16
VisualStudioVersion = 16.0.29215.179
MinimumVisualStudioVersion = 10.0.40219.1
Project("{FAE04EC0-301F-11D3-BF4B-00C04F79EFBC}") = "InputAndOutput", "InputAndOutput\InputAndOutput.csproj", "{7CDAB41D-2993-4302-97F6-CFF9C41A8074}"
EndProject
Global
	GlobalSection(SolutionConfigurationPlatforms) = preSolution
		Debug|Any CPU = Debug|Any CPU
		Release|Any CPU = Release|Any CPU
	EndGlobalSection
	GlobalSection(ProjectConfigurationPlatforms) = postSolution
		{7CDAB41D-2993-4302-97F6-CFF9C41A8074}.Debug|Any CPU.ActiveCfg = Debug|Any CPU
		{7CDAB41D-2993-4302-97F6-CFF9C41A8074}.Debug|Any CPU.Build.0 = Debug|Any CPU
		{7CDAB41D-2993-4302-97F6-CFF9C41A8074}.Release|Any CPU.ActiveCfg = Release|Any CPU
		{7CDAB41D-2993-4302-97F6-CFF9C41A8074}.Release|Any CPU.Build.0 = Release|Any CPU
	EndGlobalSection
	GlobalSection(SolutionProperties) = preSolution
		HideSolutionNode = FALSE
	EndGlobalSection
	GlobalSection(ExtensibilityGlobals) = postSolution
		SolutionGuid = {D435F515-A4D9-4366-A610-F01962F14F79}
	EndGlobalSection
EndGlobal
